
Microsoft Visual Studio Solution File, Format Version 12.00
# Visual Studio Version 17
VisualStudioVersion = 17.4.33103.184
MinimumVisualStudioVersion = 10.0.40219.1
Project("{FAE04EC0-301F-11D3-BF4B-00C04F79EFBC}") = "CANCER_POC", "CANCER_POC\CANCER_POC.csproj", "{82CA8DE8-80F3-43D8-96B6-9FCE9C4D67CF}"
EndProject
Global
	GlobalSection(SolutionConfigurationPlatforms) = preSolution
		Debug|Any CPU = Debug|Any CPU
		Release|Any CPU = Release|Any CPU
	EndGlobalSection
	GlobalSection(ProjectConfigurationPlatforms) = postSolution
		{82CA8DE8-80F3-43D8-96B6-9FCE9C4D67CF}.Debug|Any CPU.ActiveCfg = Debug|Any CPU
		{82CA8DE8-80F3-43D8-96B6-9FCE9C4D67CF}.Debug|Any CPU.Build.0 = Debug|Any CPU
		{82CA8DE8-80F3-43D8-96B6-9FCE9C4D67CF}.Release|Any CPU.ActiveCfg = Release|Any CPU
		{82CA8DE8-80F3-43D8-96B6-9FCE9C4D67CF}.Release|Any CPU.Build.0 = Release|Any CPU
	EndGlobalSection
	GlobalSection(SolutionProperties) = preSolution
		HideSolutionNode = FALSE
	EndGlobalSection
	GlobalSection(ExtensibilityGlobals) = postSolution
		SolutionGuid = {635D16E6-D88D-43FA-898E-9C4A94315058}
	EndGlobalSection
EndGlobal
